
Microsoft Visual Studio Solution File, Format Version 12.00
# Visual Studio Version 16
VisualStudioVersion = 16.0.31829.152
MinimumVisualStudioVersion = 10.0.40219.1
Project("{FAE04EC0-301F-11D3-BF4B-00C04F79EFBC}") = "FinalPorto", "FinalPorto\FinalPorto.csproj", "{36BA312F-E861-4503-90BE-46B40E6D6DEA}"
EndProject
Global
	GlobalSection(SolutionConfigurationPlatforms) = preSolution
		Debug|Any CPU = Debug|Any CPU
		Release|Any CPU = Release|Any CPU
	EndGlobalSection
	GlobalSection(ProjectConfigurationPlatforms) = postSolution
		{36BA312F-E861-4503-90BE-46B40E6D6DEA}.Debug|Any CPU.ActiveCfg = Debug|Any CPU
		{36BA312F-E861-4503-90BE-46B40E6D6DEA}.Debug|Any CPU.Build.0 = Debug|Any CPU
		{36BA312F-E861-4503-90BE-46B40E6D6DEA}.Release|Any CPU.ActiveCfg = Release|Any CPU
		{36BA312F-E861-4503-90BE-46B40E6D6DEA}.Release|Any CPU.Build.0 = Release|Any CPU
	EndGlobalSection
	GlobalSection(SolutionProperties) = preSolution
		HideSolutionNode = FALSE
	EndGlobalSection
	GlobalSection(ExtensibilityGlobals) = postSolution
		SolutionGuid = {B76C2707-55F0-4EB5-BB4F-34821823C70B}
	EndGlobalSection
EndGlobal
